<?xml version="1.0" encoding="utf-8"?>
<Project ToolsVersion="4.0" xmlns="http://schemas.microsoft.com/developer/msbuild/2003">
  <ItemGroup>
    <Filter Include="Source Files">
      <UniqueIdentifier>{4FC737F1-C7A5-4376-A066-2A32D752A2FF}</UniqueIdentifier>
      <Extensions>cpp;c;cc;cxx;def;odl;idl;hpj;bat;asm;asmx</Extensions>
    </Filter>
    <Filter Include="Header Files">
      <UniqueIdentifier>{93995380-89BD-4b04-88EB-625FBE52EBFB}</UniqueIdentifier>
      <Extensions>h;hh;hpp;hxx;hm;inl;inc;xsd</Extensions>
    </Filter>
    <Filter Include="Resource Files">
      <UniqueIdentifier>{67DA6AB6-F800-4c08-8B7A-83BB121AAD01}</UniqueIdentifier>
      <Extensions>rc;ico;cur;bmp;dlg;rc2;rct;bin;rgs;gif;jpg;jpeg;jpe;resx;tiff;tif;png;wav;mfcribbon-ms</Extensions>
    </Filter>
    <Filter Include="Header Files\Core">
      <UniqueIdentifier>{bf10fd5a-2af8-4815-8939-cc71ae151eba}</UniqueIdentifier>
    </Filter>
    <Filter Include="Header Files\Core\Math">
      <UniqueIdentifier>{35158e45-832c-43f7-a439-b9fb15adf1da}</UniqueIdentifier>
    </Filter>
    <Filter Include="Source Files\Core">
      <UniqueIdentifier>{d2cb56ba-4ab4-42a8-8e65-09fa0b3b77bc}</UniqueIdentifier>
    </Filter>
    <Filter Include="Source Files\Core\Math">
      <UniqueIdentifier>{8e297783-7424-4d6f-872e-c51a68096d33}</UniqueIdentifier>
    </Filter>
    <Filter Include="Header Files\Core\Render">
      <UniqueIdentifier>{3e9f0075-519e-4e59-a9f1-b61dba282a58}</UniqueIdentifier>
    </Filter>
    <Filter Include="Header Files\Templates">
      <UniqueIdentifier>{692192b4-a6ac-48b4-900a-54de695eb03f}</UniqueIdentifier>
    </Filter>
    <Filter Include="Source Files\Core\Render">
      <UniqueIdentifier>{99b114cf-a231-481a-a439-692cce9c42af}</UniqueIdentifier>
    </Filter>
    <Filter Include="Header Files\Debugging">
      <UniqueIdentifier>{315228f5-11a9-46bb-8ba4-dbfa93c2c7f0}</UniqueIdentifier>
    </Filter>
    <Filter Include="Header Files\Core\Memory">
      <UniqueIdentifier>{80e784a6-9b14-4946-86ca-43804f734277}</UniqueIdentifier>
    </Filter>
    <Filter Include="Source Files\Core\Memory">
      <UniqueIdentifier>{7d6add75-cf92-4eb8-b971-02da3bcbb91b}</UniqueIdentifier>
    </Filter>
    <Filter Include="Header Files\Core\Atomic">
      <UniqueIdentifier>{2a4c32c0-5477-4624-bc89-5b5b6254b7fa}</UniqueIdentifier>
    </Filter>
  </ItemGroup>
  <ItemGroup>
    <ClInclude Include="..\..\include\core\math\Matrix3.h">
      <Filter>Header Files\Core\Math</Filter>
    </ClInclude>
    <ClInclude Include="..\..\include\core\math\Vec2.h">
      <Filter>Header Files\Core\Math</Filter>
    </ClInclude>
    <ClInclude Include="..\..\include\core\math\Vec3.h">
      <Filter>Header Files\Core\Math</Filter>
    </ClInclude>
    <ClInclude Include="..\..\include\core\math\Vec4.h">
      <Filter>Header Files\Core\Math</Filter>
    </ClInclude>
    <ClInclude Include="..\..\include\core\math\Matrix4.h">
      <Filter>Header Files\Core\Math</Filter>
    </ClInclude>
    <ClInclude Include="..\..\include\core\Core.h">
      <Filter>Header Files\Core</Filter>
    </ClInclude>
    <ClInclude Include="..\..\include\core\math\Math.h">
      <Filter>Header Files\Core\Math</Filter>
    </ClInclude>
    <ClInclude Include="..\..\include\templates\Singleton.h">
      <Filter>Header Files\Templates</Filter>
    </ClInclude>
    <ClInclude Include="..\..\include\debugging\Exception.h">
      <Filter>Header Files\Debugging</Filter>
    </ClInclude>
    <ClInclude Include="..\..\include\core\render\RenderManager.h">
      <Filter>Header Files\Core\Render</Filter>
    </ClInclude>
    <ClInclude Include="..\..\include\core\render\vkRenderSubsystem.h">
      <Filter>Header Files\Core\Render</Filter>
    </ClInclude>
    <ClInclude Include="..\..\include\core\atomic\Types.h">
      <Filter>Header Files\Core\Atomic</Filter>
    </ClInclude>
    <ClInclude Include="..\..\include\core\render\glRenderSubsystem.h">
      <Filter>Header Files\Core\Render</Filter>
    </ClInclude>
    <ClInclude Include="..\..\include\core\render\Render.h">
      <Filter>Header Files\Core\Render</Filter>
    </ClInclude>
  </ItemGroup>
  <ItemGroup>
    <ClCompile Include="..\..\src\main.cpp">
      <Filter>Source Files</Filter>
    </ClCompile>
    <ClCompile Include="..\..\src\core\math\Matrix3.cpp">
      <Filter>Source Files\Core\Math</Filter>
    </ClCompile>
    <ClCompile Include="..\..\src\core\math\Matrix4.cpp">
      <Filter>Source Files\Core\Math</Filter>
    </ClCompile>
    <ClCompile Include="..\..\src\core\math\Vec2.cpp">
      <Filter>Source Files\Core\Math</Filter>
    </ClCompile>
    <ClCompile Include="..\..\src\core\math\Vec3.cpp">
      <Filter>Source Files\Core\Math</Filter>
    </ClCompile>
    <ClCompile Include="..\..\src\core\math\Vec4.cpp">
      <Filter>Source Files\Core\Math</Filter>
    </ClCompile>
    <ClCompile Include="..\..\src\core\render\RenderManager.cpp">
      <Filter>Source Files\Core\Render</Filter>
    </ClCompile>
    <ClCompile Include="..\..\src\core\render\vkRenderSubsystem.cpp">
      <Filter>Source Files\Core\Render</Filter>
    </ClCompile>
    <ClCompile Include="..\..\src\core\render\glRenderSubsystem.cpp">
      <Filter>Source Files\Core\Render</Filter>
    </ClCompile>
  </ItemGroup>
</Project>